PODS:
  - CropViewController (2.5.2)
  - PryntTrimmerView (4.0.0)

DEPENDENCIES:
  - CropViewController (from `https://github.com/bloomsharks/image-cropper-view`)
  - PryntTrimmerView (from `https://github.com/bloomsharks/video-trimmer-view`)

EXTERNAL SOURCES:
  CropViewController:
    :git: https://github.com/bloomsharks/image-cropper-view
  PryntTrimmerView:
    :git: https://github.com/bloomsharks/video-trimmer-view

CHECKOUT OPTIONS:
  CropViewController:
    :commit: 152fffbc20f2e2579c4a0a747ef0c8f450dd3f54
    :git: https://github.com/bloomsharks/image-cropper-view
  PryntTrimmerView:
    :commit: bb2f231428acb07172af12f87abd904f93f679ae
    :git: https://github.com/bloomsharks/video-trimmer-view

SPEC CHECKSUMS:
  CropViewController: 1aac40093c5739e60d992b04724a55d12a689a4c
  PryntTrimmerView: f25226097c64a6944f56774840a381655e41788a

PODFILE CHECKSUM: c82ac39cae7a81cf3afadf3946b2770ec11a9409

COCOAPODS: 1.8.4
